<?xml version="1.0" encoding="UTF-8" standalone="yes" ?>
<CodeBlocks_project_file>
	<FileVersion major="1" minor="6" />
	<Project>
		<Option title="SPMS" />
		<Option pch_mode="2" />
		<Option compiler="gcc" />
		<Build>
			<Target title="Debug">
				<Option output="bin/Debug/SPMS" prefix_auto="1" extension_auto="1" />
				<Option object_output="obj/Debug/" />
				<Option type="1" />
				<Option compiler="gcc" />
				<Compiler>
					<Add option="-g" />
				</Compiler>
				<Linker>
					<Add option="-leasyx" />
					<Add option="-lwinmm" />
				</Linker>
			</Target>
			<Target title="Release">
				<Option output="bin/Release/SPMS" prefix_auto="1" extension_auto="1" />
				<Option object_output="obj/Release/" />
				<Option type="1" />
				<Option compiler="gcc" />
				<Compiler>
					<Add option="-O2" />
				</Compiler>
				<Linker>
					<Add option="-s" />
				</Linker>
			</Target>
		</Build>
		<Compiler>
			<Add option="-Wall" />
			<Add option="-fexceptions" />
		</Compiler>
		<Linker>
			<Add option="-leasyx" />
		</Linker>
		<Unit filename="UI.cpp" />
		<Unit filename="UI.h" />
		<Unit filename="button.cpp" />
		<Unit filename="button.h" />
		<Unit filename="main.cpp" />
		<Unit filename="run.cpp" />
		<Unit filename="run.h" />
		<Unit filename="student.cpp" />
		<Unit filename="student.h" />
		<Unit filename="table.cpp" />
		<Unit filename="table.h" />
		<Extensions>
			<lib_finder disable_auto="1" />
		</Extensions>
	</Project>
</CodeBlocks_project_file>
